<?xml version="1.0" encoding="utf-8"?>
<Project ToolsVersion="4.0" xmlns="http://schemas.microsoft.com/developer/msbuild/2003">
  <ItemGroup>
    <Filter Include="Header Files">
      <UniqueIdentifier>{93995380-89BD-4b04-88EB-625FBE52EBFB}</UniqueIdentifier>
      <Extensions>h</Extensions>
    </Filter>
    <Filter Include="Form Files">
      <UniqueIdentifier>{99349809-55BA-4b9d-BF79-8FDBB0286EB3}</UniqueIdentifier>
      <Extensions>ui</Extensions>
    </Filter>
    <Filter Include="Resource Files">
      <UniqueIdentifier>{D9D6E242-F8AF-46E4-B9FD-80ECBC20BA3E}</UniqueIdentifier>
      <Extensions>qrc;*</Extensions>
      <ParseFiles>false</ParseFiles>
    </Filter>
    <Filter Include="Generated Files">
      <UniqueIdentifier>{71ED8ED8-ACB9-4CE9-BBE1-E00B30144E11}</UniqueIdentifier>
      <Extensions>moc;h;cpp</Extensions>
      <SourceControlFiles>False</SourceControlFiles>
    </Filter>
    <Filter Include="Generated Files\Debug">
      <UniqueIdentifier>{da7d73b5-1368-4a8f-b16a-e6722acaab9c}</UniqueIdentifier>
      <Extensions>cpp;moc</Extensions>
      <SourceControlFiles>False</SourceControlFiles>
    </Filter>
    <Filter Include="Generated Files\Release">
      <UniqueIdentifier>{58814aee-f327-4dbb-ba82-17d7ad310222}</UniqueIdentifier>
      <Extensions>cpp;moc</Extensions>
      <SourceControlFiles>False</SourceControlFiles>
    </Filter>
    <Filter Include="Geometry">
      <UniqueIdentifier>{2a218069-afb4-4db6-9b9f-62abc615ada3}</UniqueIdentifier>
    </Filter>
    <Filter Include="Utility">
      <UniqueIdentifier>{512899be-1d55-4b16-a858-0e9e88ce27dd}</UniqueIdentifier>
    </Filter>
    <Filter Include="Basic">
      <UniqueIdentifier>{f8d64bf3-deba-4305-91c9-09403d807f38}</UniqueIdentifier>
    </Filter>
    <Filter Include="Tools">
      <UniqueIdentifier>{69ceee34-d2bf-49da-a87d-6777279496c4}</UniqueIdentifier>
    </Filter>
    <Filter Include="Algorithm">
      <UniqueIdentifier>{907531af-f4f1-4874-a3f3-2dd405074c12}</UniqueIdentifier>
    </Filter>
    <Filter Include="Visualize">
      <UniqueIdentifier>{4FC737F1-C7A5-4376-A066-2A32D752A2FF}</UniqueIdentifier>
      <Extensions>cpp;cxx;c;def</Extensions>
    </Filter>
  </ItemGroup>
  <ItemGroup>
    <ClCompile Include="main_window.cpp">
      <Filter>Visualize</Filter>
    </ClCompile>
    <ClCompile Include="GeneratedFiles\Debug\moc_main_window.cpp">
      <Filter>Generated Files\Debug</Filter>
    </ClCompile>
    <ClCompile Include="GeneratedFiles\Release\moc_main_window.cpp">
      <Filter>Generated Files\Release</Filter>
    </ClCompile>
    <ClCompile Include="GeneratedFiles\qrc_main_window.cpp">
      <Filter>Generated Files</Filter>
    </ClCompile>
    <ClCompile Include="file_system.cpp">
      <Filter>Utility</Filter>
    </ClCompile>
    <ClCompile Include="globals.cpp">
      <Filter>Basic</Filter>
    </ClCompile>
    <ClCompile Include="GeneratedFiles\Debug\moc_paint_canvas.cpp">
      <Filter>Generated Files\Debug</Filter>
    </ClCompile>
    <ClCompile Include="GeneratedFiles\Release\moc_paint_canvas.cpp">
      <Filter>Generated Files\Release</Filter>
    </ClCompile>
    <ClCompile Include="paint_canvas.cpp">
      <Filter>Visualize</Filter>
    </ClCompile>
    <ClCompile Include="sample_set.cpp">
      <Filter>Geometry</Filter>
    </ClCompile>
    <ClCompile Include="sample.cpp">
      <Filter>Geometry</Filter>
    </ClCompile>
    <ClCompile Include="file_io.cpp">
      <Filter>Utility</Filter>
    </ClCompile>
    <ClCompile Include="vertex.cpp">
      <Filter>Geometry</Filter>
    </ClCompile>
    <ClCompile Include="console.cpp">
      <Filter>Utility</Filter>
    </ClCompile>
    <ClCompile Include="color_table.cpp">
      <Filter>Utility</Filter>
    </ClCompile>
    <ClCompile Include="select_tool.cpp">
      <Filter>Tools</Filter>
    </ClCompile>
    <ClCompile Include="GeneratedFiles\Debug\moc_trajectory_classifier.cpp">
      <Filter>Generated Files\Debug</Filter>
    </ClCompile>
    <ClCompile Include="GeneratedFiles\Release\moc_trajectory_classifier.cpp">
      <Filter>Generated Files\Release</Filter>
    </ClCompile>
    <ClCompile Include="trajectory_classifier.cpp">
      <Filter>Algorithm</Filter>
    </ClCompile>
    <ClCompile Include="DeformableRegistration.cpp">
      <Filter>Algorithm</Filter>
    </ClCompile>
    <ClCompile Include="GeneratedFiles\Debug\moc_DeformaleRegistration.cpp">
      <Filter>Generated Files\Debug</Filter>
    </ClCompile>
    <ClCompile Include="GeneratedFiles\Release\moc_DeformaleRegistration.cpp">
      <Filter>Generated Files\Release</Filter>
    </ClCompile>
    <ClCompile Include="spectral_clustering.cpp">
      <Filter>Algorithm</Filter>
    </ClCompile>
    <ClCompile Include="sample_properity.cpp">
      <Filter>Utility</Filter>
    </ClCompile>
    <ClCompile Include="graph_cut_node.cpp">
      <Filter>Algorithm</Filter>
    </ClCompile>
    <ClCompile Include="GCop.cpp">
      <Filter>Algorithm</Filter>
    </ClCompile>
    <ClCompile Include="gco-v3.0\GCoptimization.cpp">
      <Filter>Algorithm</Filter>
    </ClCompile>
    <ClCompile Include="GeneratedFiles\Debug\moc_dlg_Jlinkage.cpp">
      <Filter>Generated Files\Debug</Filter>
    </ClCompile>
    <ClCompile Include="GeneratedFiles\Release\moc_dlg_Jlinkage.cpp">
      <Filter>Generated Files\Release</Filter>
    </ClCompile>
    <ClCompile Include="GeneratedFiles\Debug\moc_dlg_graphcuts.cpp">
      <Filter>Generated Files\Debug</Filter>
    </ClCompile>
    <ClCompile Include="GeneratedFiles\Release\moc_dlg_graphcuts.cpp">
      <Filter>Generated Files\Release</Filter>
    </ClCompile>
    <ClCompile Include="co_segmentation.cpp">
      <Filter>Algorithm</Filter>
    </ClCompile>
    <ClCompile Include="plans_fit.cpp">
      <Filter>Algorithm</Filter>
    </ClCompile>
    <ClCompile Include="multiway_propagation.cpp">
      <Filter>Algorithm</Filter>
    </ClCompile>
    <ClCompile Include="caculateNorm.cpp">
      <Filter>Algorithm</Filter>
    </ClCompile>
    <ClCompile Include="GeneratedFiles\Debug\moc_caculateNorm.cpp">
      <Filter>Generated Files\Debug</Filter>
    </ClCompile>
    <ClCompile Include="caculateNorm.cpp">
      <Filter>Generated Files\Debug</Filter>
    </ClCompile>
    <ClCompile Include="GeneratedFiles\Debug\moc_maching_state.cpp">
      <Filter>Generated Files\Debug</Filter>
    </ClCompile>
    <ClCompile Include="maching_state.cpp">
      <Filter>Generated Files</Filter>
    </ClCompile>
    <ClCompile Include="caculateNorm.cpp">
      <Filter>Generated Files\Debug</Filter>
    </ClCompile>
    <ClCompile Include="caculateNorm.cpp">
      <Filter>Generated Files\Debug</Filter>
    </ClCompile>
    <ClCompile Include="propagate_withThread.cpp">
      <Filter>Generated Files</Filter>
    </ClCompile>
    <ClCompile Include="GeneratedFiles\Debug\moc_dlg_propagate.cpp">
      <Filter>Generated Files\Debug</Filter>
    </ClCompile>
    <ClCompile Include="GeneratedFiles\Debug\moc_propagate_withThread.cpp">
      <Filter>Generated Files\Debug</Filter>
    </ClCompile>
    <ClCompile Include="dlg_propagate.cpp">
      <Filter>Generated Files</Filter>
    </ClCompile>
    <ClCompile Include="caculateNorm.cpp">
      <Filter>Generated Files\Debug</Filter>
    </ClCompile>
    <ClCompile Include="caculateNorm.cpp">
      <Filter>Generated Files\Debug</Filter>
    </ClCompile>
    <ClCompile Include="main.cpp">
      <Filter>Visualize</Filter>
    </ClCompile>
    <ClCompile Include="GeneratedFiles\Release\moc_caculateNorm.cpp">
      <Filter>Generated Files\Release</Filter>
    </ClCompile>
    <ClCompile Include="GeneratedFiles\Release\moc_dlg_propagate.cpp">
      <Filter>Generated Files\Release</Filter>
    </ClCompile>
    <ClCompile Include="GeneratedFiles\Release\moc_maching_state.cpp">
      <Filter>Generated Files\Release</Filter>
    </ClCompile>
    <ClCompile Include="GeneratedFiles\Release\moc_propagate_withThread.cpp">
      <Filter>Generated Files\Release</Filter>
    </ClCompile>
    <ClCompile Include="caculateNorm.cpp">
      <Filter>Algorithm</Filter>
    </ClCompile>
    <ClCompile Include="LayerDialog.cpp">
      <Filter>Generated Files</Filter>
    </ClCompile>
    <ClCompile Include="GeneratedFiles\Debug\moc_LayerDialog.cpp">
      <Filter>Generated Files\Debug</Filter>
    </ClCompile>
    <ClCompile Include="GeneratedFiles\Release\moc_LayerDialog.cpp">
      <Filter>Generated Files\Release</Filter>
    </ClCompile>
    <ClCompile Include="saveSnapshotDialog.cpp">
      <Filter>Generated Files</Filter>
    </ClCompile>
    <ClCompile Include="GeneratedFiles\Debug\moc_saveSnapshotDialog.cpp">
      <Filter>Generated Files\Debug</Filter>
    </ClCompile>
    <ClCompile Include="GeneratedFiles\Release\moc_saveSnapshotDialog.cpp">
      <Filter>Generated Files\Release</Filter>
    </ClCompile>
  </ItemGroup>
  <ItemGroup>
    <CustomBuild Include="main_window.qrc">
      <Filter>Resource Files</Filter>
    </CustomBuild>
    <CustomBuild Include="trajectory_classifier.h">
      <Filter>Algorithm</Filter>
    </CustomBuild>
    <CustomBuild Include="main_window.h">
      <Filter>Visualize</Filter>
    </CustomBuild>
    <CustomBuild Include="paint_canvas.h">
      <Filter>Visualize</Filter>
    </CustomBuild>
    <CustomBuild Include="DeformaleRegistration.h">
      <Filter>Algorithm</Filter>
    </CustomBuild>
    <CustomBuild Include="GeneratedFiles\ui_dlg_clustering.h">
      <Filter>Generated Files</Filter>
    </CustomBuild>
    <CustomBuild Include="GeneratedFiles\ui_main_window.h">
      <Filter>Generated Files</Filter>
    </CustomBuild>
    <CustomBuild Include="box.h">
      <Filter>Geometry</Filter>
    </CustomBuild>
    <CustomBuild Include="sample.h">
      <Filter>Geometry</Filter>
    </CustomBuild>
    <CustomBuild Include="sample_set.h">
      <Filter>Geometry</Filter>
    </CustomBuild>
    <CustomBuild Include="selectable_item.h">
      <Filter>Geometry</Filter>
    </CustomBuild>
    <CustomBuild Include="vertex.h">
      <Filter>Geometry</Filter>
    </CustomBuild>
    <CustomBuild Include="..\ICP\ICP.h">
      <Filter>Utility</Filter>
    </CustomBuild>
    <CustomBuild Include="color_table.h">
      <Filter>Utility</Filter>
    </CustomBuild>
    <CustomBuild Include="console.h">
      <Filter>Utility</Filter>
    </CustomBuild>
    <CustomBuild Include="file_io.h">
      <Filter>Utility</Filter>
    </CustomBuild>
    <CustomBuild Include="file_system.h">
      <Filter>Utility</Filter>
    </CustomBuild>
    <CustomBuild Include="pool_allocator.h">
      <Filter>Utility</Filter>
    </CustomBuild>
    <CustomBuild Include="..\ICP\kdtree.hpp">
      <Filter>Basic</Filter>
    </CustomBuild>
    <CustomBuild Include="basic_types.h">
      <Filter>Basic</Filter>
    </CustomBuild>
    <CustomBuild Include="globals.h">
      <Filter>Basic</Filter>
    </CustomBuild>
    <CustomBuild Include="select_tool.h">
      <Filter>Tools</Filter>
    </CustomBuild>
    <CustomBuild Include="tool.h">
      <Filter>Tools</Filter>
    </CustomBuild>
    <CustomBuild Include="tracer.h">
      <Filter>Tools</Filter>
    </CustomBuild>
    <CustomBuild Include="dlg_clustering.h">
      <Filter>Visualize</Filter>
    </CustomBuild>
    <CustomBuild Include="..\ICP\J_linkage.h">
      <Filter>Utility</Filter>
    </CustomBuild>
    <CustomBuild Include="..\ICP\J_linkage_II.h">
      <Filter>Utility</Filter>
    </CustomBuild>
    <CustomBuild Include="..\ICP\T_linkage.h">
      <Filter>Utility</Filter>
    </CustomBuild>
    <CustomBuild Include="octree.h">
      <Filter>Utility</Filter>
    </CustomBuild>
    <CustomBuild Include="sample_properity.h">
      <Filter>Utility</Filter>
    </CustomBuild>
    <CustomBuild Include="bfs_classifier.hpp">
      <Filter>Algorithm</Filter>
    </CustomBuild>
    <CustomBuild Include="gco-v3.0\GCoptimization.h">
      <Filter>Algorithm</Filter>
    </CustomBuild>
    <CustomBuild Include="GCop.h">
      <Filter>Algorithm</Filter>
    </CustomBuild>
    <CustomBuild Include="graph_cut_node.h">
      <Filter>Algorithm</Filter>
    </CustomBuild>
    <CustomBuild Include="J_linkage_Matlab.hpp">
      <Filter>Algorithm</Filter>
    </CustomBuild>
    <CustomBuild Include="spectral_clustering.h">
      <Filter>Algorithm</Filter>
    </CustomBuild>
    <CustomBuild Include="traj2model_distance.h">
      <Filter>Algorithm</Filter>
    </CustomBuild>
    <CustomBuild Include="dlg_Jlinkage.h">
      <Filter>Visualize</Filter>
    </CustomBuild>
    <CustomBuild Include="GeneratedFiles\ui_testUi.h">
      <Filter>Generated Files</Filter>
    </CustomBuild>
    <CustomBuild Include="GeneratedFiles\ui_J-linkageAl.h">
      <Filter>Generated Files</Filter>
    </CustomBuild>
    <CustomBuild Include="GeneratedFiles\ui_JLinkageDlg.h">
      <Filter>Generated Files</Filter>
    </CustomBuild>
    <CustomBuild Include="dlg_graphcuts.h">
      <Filter>Visualize</Filter>
    </CustomBuild>
    <CustomBuild Include="GeneratedFiles\ui_dlg_graphcut.h">
      <Filter>Generated Files</Filter>
    </CustomBuild>
    <CustomBuild Include="GeneratedFiles\ui_GraphCutsDlg.h">
      <Filter>Generated Files</Filter>
    </CustomBuild>
    <CustomBuild Include="co_segmentation.h">
      <Filter>Algorithm</Filter>
    </CustomBuild>
    <CustomBuild Include="dlg_clustering.ui">
      <Filter>Form Files</Filter>
    </CustomBuild>
    <CustomBuild Include="main_window.ui">
      <Filter>Form Files</Filter>
    </CustomBuild>
    <CustomBuild Include="dlg_graphcut.ui">
      <Filter>Form Files</Filter>
    </CustomBuild>
    <CustomBuild Include="dlg_plan.ui">
      <Filter>Form Files</Filter>
    </CustomBuild>
    <CustomBuild Include="GraphCutsDlg.ui">
      <Filter>Form Files</Filter>
    </CustomBuild>
    <CustomBuild Include="JLinkageDlg.ui">
      <Filter>Form Files</Filter>
    </CustomBuild>
    <CustomBuild Include="testUi.ui">
      <Filter>Form Files</Filter>
    </CustomBuild>
    <CustomBuild Include="tt.ui">
      <Filter>Form Files</Filter>
    </CustomBuild>
    <CustomBuild Include="multiway_propagation.h">
      <Filter>Algorithm</Filter>
    </CustomBuild>
    <CustomBuild Include="plans_fit.h">
      <Filter>Algorithm</Filter>
    </CustomBuild>
    <CustomBuild Include="point2Plan_distance.h">
      <Filter>Algorithm</Filter>
    </CustomBuild>
    <CustomBuild Include="RANSAC_PLAN.h">
      <Filter>Algorithm</Filter>
    </CustomBuild>
    <CustomBuild Include="dlg_fitPlan.h">
      <Filter>Visualize</Filter>
    </CustomBuild>
    <CustomBuild Include="J-linkageAl.ui">
      <Filter>Form Files</Filter>
    </CustomBuild>
    <CustomBuild Include="caculateNorm.h">
      <Filter>Algorithm</Filter>
    </CustomBuild>
    <CustomBuild Include="maching_state.h">
      <Filter>Algorithm</Filter>
    </CustomBuild>
    <CustomBuild Include="papagate_dialog.ui">
      <Filter>Form Files</Filter>
    </CustomBuild>
    <CustomBuild Include="propagate_withThread.h">
      <Filter>Algorithm</Filter>
    </CustomBuild>
    <CustomBuild Include="dlg_propagate.h">
      <Filter>Visualize</Filter>
    </CustomBuild>
    <CustomBuild Include="layerDialog.ui">
      <Filter>Form Files</Filter>
    </CustomBuild>
    <CustomBuild Include="LayerDialog.h">
      <Filter>Algorithm</Filter>
    </CustomBuild>
    <CustomBuild Include="savesnapshotDialog.ui">
      <Filter>Form Files</Filter>
    </CustomBuild>
    <CustomBuild Include="saveSnapshotDialog.h">
      <Filter>Visualize</Filter>
    </CustomBuild>
  </ItemGroup>
  <ItemGroup>
    <ClInclude Include="traj2AffineModel_distance.h">
      <Filter>Algorithm</Filter>
    </ClInclude>
    <ClInclude Include="resource.h">
      <Filter>Header Files</Filter>
    </ClInclude>
    <ClInclude Include="InOutputDefinition.h">
      <Filter>Algorithm</Filter>
    </ClInclude>
    <ClInclude Include="GraphMatching.h">
      <Filter>Algorithm</Filter>
    </ClInclude>
    <ClInclude Include="GeneratedFiles\ui_papagate_dialog.h">
      <Filter>Generated Files</Filter>
    </ClInclude>
    <ClInclude Include="BoostGraph.h">
      <Filter>Algorithm</Filter>
    </ClInclude>
    <ClInclude Include="GeneratedFiles\ui_layerDialog.h">
      <Filter>Generated Files</Filter>
    </ClInclude>
    <ClInclude Include="merge_propagate_write.h">
      <Filter>Algorithm</Filter>
    </ClInclude>
    <ClInclude Include="merge_write_utilities.h">
      <Filter>Algorithm</Filter>
    </ClInclude>
    <ClInclude Include="GlobalObject.h">
      <Filter>Algorithm</Filter>
    </ClInclude>
    <ClInclude Include="snapshotsetting.h">
      <Filter>Visualize</Filter>
    </ClInclude>
    <ClInclude Include="GeneratedFiles\ui_savesnapshotDialog.h">
      <Filter>Generated Files</Filter>
    </ClInclude>
  </ItemGroup>
  <ItemGroup>
    <ResourceCompile Include="PCM.rc" />
  </ItemGroup>
</Project>